
Microsoft Visual Studio Solution File, Format Version 12.00
# Visual Studio Version 16
VisualStudioVersion = 16.0.29806.167
MinimumVisualStudioVersion = 10.0.40219.1
Project("{FAE04EC0-301F-11D3-BF4B-00C04F79EFBC}") = "Timesheet.Backend", "Timesheet.Backend\Timesheet.Backend.csproj", "{F5FBF0D6-088D-4DB5-A614-EB90197A3956}"
EndProject
Project("{FAE04EC0-301F-11D3-BF4B-00C04F79EFBC}") = "Timesheet.GUI", "Timesheet.GUI\Timesheet.GUI.csproj", "{0E4F3F8D-24E0-4E76-9942-8256124D0FA2}"
EndProject
Project("{FAE04EC0-301F-11D3-BF4B-00C04F79EFBC}") = "Timesheet.Contracts", "Timesheet.Contracts\Timesheet.Contracts.csproj", "{6A602D05-6114-4E94-9F43-439A8328C88E}"
EndProject
Project("{2150E333-8FDC-42A3-9474-1A3956D46DE8}") = "Doc", "Doc", "{6669BC9D-8039-4B49-B8B2-7C20CF9E9B73}"
	ProjectSection(SolutionItems) = preProject
		Readme.md = Readme.md
	EndProjectSection
EndProject
Project("{2150E333-8FDC-42A3-9474-1A3956D46DE8}") = "Db scripts", "Db scripts", "{9CCA9723-01F8-4D9B-B387-30BBC9985DB8}"
	ProjectSection(SolutionItems) = preProject
		C:\Users\amir.jhanem\Documents\dumps\timesheet.sql = C:\Users\amir.jhanem\Documents\dumps\timesheet.sql
	EndProjectSection
EndProject
Global
	GlobalSection(SolutionConfigurationPlatforms) = preSolution
		Debug|Any CPU = Debug|Any CPU
		Release|Any CPU = Release|Any CPU
	EndGlobalSection
	GlobalSection(ProjectConfigurationPlatforms) = postSolution
		{F5FBF0D6-088D-4DB5-A614-EB90197A3956}.Debug|Any CPU.ActiveCfg = Debug|Any CPU
		{F5FBF0D6-088D-4DB5-A614-EB90197A3956}.Debug|Any CPU.Build.0 = Debug|Any CPU
		{F5FBF0D6-088D-4DB5-A614-EB90197A3956}.Release|Any CPU.ActiveCfg = Release|Any CPU
		{F5FBF0D6-088D-4DB5-A614-EB90197A3956}.Release|Any CPU.Build.0 = Release|Any CPU
		{0E4F3F8D-24E0-4E76-9942-8256124D0FA2}.Debug|Any CPU.ActiveCfg = Debug|Any CPU
		{0E4F3F8D-24E0-4E76-9942-8256124D0FA2}.Debug|Any CPU.Build.0 = Debug|Any CPU
		{0E4F3F8D-24E0-4E76-9942-8256124D0FA2}.Release|Any CPU.ActiveCfg = Release|Any CPU
		{0E4F3F8D-24E0-4E76-9942-8256124D0FA2}.Release|Any CPU.Build.0 = Release|Any CPU
		{6A602D05-6114-4E94-9F43-439A8328C88E}.Debug|Any CPU.ActiveCfg = Debug|Any CPU
		{6A602D05-6114-4E94-9F43-439A8328C88E}.Debug|Any CPU.Build.0 = Debug|Any CPU
		{6A602D05-6114-4E94-9F43-439A8328C88E}.Release|Any CPU.ActiveCfg = Release|Any CPU
		{6A602D05-6114-4E94-9F43-439A8328C88E}.Release|Any CPU.Build.0 = Release|Any CPU
	EndGlobalSection
	GlobalSection(SolutionProperties) = preSolution
		HideSolutionNode = FALSE
	EndGlobalSection
	GlobalSection(ExtensibilityGlobals) = postSolution
		SolutionGuid = {7A1E9019-E114-4F54-B9F9-9BB2BE01A7FF}
	EndGlobalSection
EndGlobal
